
Microsoft Visual Studio Solution File, Format Version 12.00
# Visual Studio Version 17
VisualStudioVersion = 17.5.002.0
MinimumVisualStudioVersion = 10.0.40219.1
Project("{9A19103F-16F7-4668-BE54-9A1E7A4F7556}") = "Signer", "Signer\Signer.csproj", "{EF7AEAAA-3568-4D83-A88D-377A494F73FE}"
EndProject
Project("{9A19103F-16F7-4668-BE54-9A1E7A4F7556}") = "Signer.Tests", "Signer.Tests\Signer.Tests.csproj", "{337FC839-7EFE-41F0-B319-F83B1F82D119}"
EndProject
Global
	GlobalSection(SolutionConfigurationPlatforms) = preSolution
		Debug|Any CPU = Debug|Any CPU
		Release|Any CPU = Release|Any CPU
	EndGlobalSection
	GlobalSection(ProjectConfigurationPlatforms) = postSolution
		{EF7AEAAA-3568-4D83-A88D-377A494F73FE}.Debug|Any CPU.ActiveCfg = Debug|Any CPU
		{EF7AEAAA-3568-4D83-A88D-377A494F73FE}.Debug|Any CPU.Build.0 = Debug|Any CPU
		{EF7AEAAA-3568-4D83-A88D-377A494F73FE}.Release|Any CPU.ActiveCfg = Release|Any CPU
		{EF7AEAAA-3568-4D83-A88D-377A494F73FE}.Release|Any CPU.Build.0 = Release|Any CPU
		{337FC839-7EFE-41F0-B319-F83B1F82D119}.Debug|Any CPU.ActiveCfg = Debug|Any CPU
		{337FC839-7EFE-41F0-B319-F83B1F82D119}.Debug|Any CPU.Build.0 = Debug|Any CPU
		{337FC839-7EFE-41F0-B319-F83B1F82D119}.Release|Any CPU.ActiveCfg = Release|Any CPU
		{337FC839-7EFE-41F0-B319-F83B1F82D119}.Release|Any CPU.Build.0 = Release|Any CPU
	EndGlobalSection
	GlobalSection(SolutionProperties) = preSolution
		HideSolutionNode = FALSE
	EndGlobalSection
	GlobalSection(ExtensibilityGlobals) = postSolution
		SolutionGuid = {476B58B7-2D22-4807-851E-5E2635115E52}
	EndGlobalSection
EndGlobal
